<?xml version="1.0" encoding="utf-8"?>
<Project ToolsVersion="4.0" xmlns="http://schemas.microsoft.com/developer/msbuild/2003">
  <ItemGroup>
    <Filter Include="源文件">
      <UniqueIdentifier>{4FC737F1-C7A5-4376-A066-2A32D752A2FF}</UniqueIdentifier>
      <Extensions>cpp;c;cc;cxx;c++;cppm;ixx;def;odl;idl;hpj;bat;asm;asmx</Extensions>
    </Filter>
    <Filter Include="头文件">
      <UniqueIdentifier>{93995380-89BD-4b04-88EB-625FBE52EBFB}</UniqueIdentifier>
      <Extensions>h;hh;hpp;hxx;h++;hm;inl;inc;ipp;xsd</Extensions>
    </Filter>
    <Filter Include="资源文件">
      <UniqueIdentifier>{67DA6AB6-F800-4c08-8B7A-83BB121AAD01}</UniqueIdentifier>
      <Extensions>rc;ico;cur;bmp;dlg;rc2;rct;bin;rgs;gif;jpg;jpeg;jpe;resx;tiff;tif;png;wav;mfcribbon-ms</Extensions>
    </Filter>
    <Filter Include="FFT">
      <UniqueIdentifier>{fe0e78bc-5e08-436f-a198-040f449cad02}</UniqueIdentifier>
    </Filter>
    <Filter Include="FFT\src">
      <UniqueIdentifier>{ba4e5d79-f690-41c2-a30a-ab7a3ff8f5f5}</UniqueIdentifier>
    </Filter>
    <Filter Include="FFT\inc">
      <UniqueIdentifier>{bd2d742f-8953-4908-93ca-9985872751ed}</UniqueIdentifier>
    </Filter>
  </ItemGroup>
  <ItemGroup>
    <ClCompile Include="..\..\main.c">
      <Filter>源文件</Filter>
    </ClCompile>
    <ClCompile Include="..\..\..\..\src\complex.c">
      <Filter>FFT\src</Filter>
    </ClCompile>
    <ClCompile Include="..\..\..\..\src\fft.c">
      <Filter>FFT\src</Filter>
    </ClCompile>
  </ItemGroup>
  <ItemGroup>
    <ClInclude Include="..\..\..\..\src\include\complex.h">
      <Filter>FFT\inc</Filter>
    </ClInclude>
    <ClInclude Include="..\..\..\..\src\include\fft.h">
      <Filter>FFT\inc</Filter>
    </ClInclude>
    <ClInclude Include="..\..\..\..\src\include\fft_dbg.h">
      <Filter>FFT\inc</Filter>
    </ClInclude>
    <ClInclude Include="..\..\..\..\src\include\fft_type.h">
      <Filter>FFT\inc</Filter>
    </ClInclude>
  </ItemGroup>
</Project>